
Microsoft Visual Studio Solution File, Format Version 12.00
# Visual Studio Version 17
VisualStudioVersion = 17.7.34024.191
MinimumVisualStudioVersion = 10.0.40219.1
Project("{FAE04EC0-301F-11D3-BF4B-00C04F79EFBC}") = "D.Freemanlab2", "D.Freemanlab2\D.Freemanlab2.csproj", "{DF764428-46E8-428E-B532-BB08586F2B1A}"
EndProject
Global
	GlobalSection(SolutionConfigurationPlatforms) = preSolution
		Debug|Any CPU = Debug|Any CPU
		Release|Any CPU = Release|Any CPU
	EndGlobalSection
	GlobalSection(ProjectConfigurationPlatforms) = postSolution
		{DF764428-46E8-428E-B532-BB08586F2B1A}.Debug|Any CPU.ActiveCfg = Debug|Any CPU
		{DF764428-46E8-428E-B532-BB08586F2B1A}.Debug|Any CPU.Build.0 = Debug|Any CPU
		{DF764428-46E8-428E-B532-BB08586F2B1A}.Release|Any CPU.ActiveCfg = Release|Any CPU
		{DF764428-46E8-428E-B532-BB08586F2B1A}.Release|Any CPU.Build.0 = Release|Any CPU
	EndGlobalSection
	GlobalSection(SolutionProperties) = preSolution
		HideSolutionNode = FALSE
	EndGlobalSection
	GlobalSection(ExtensibilityGlobals) = postSolution
		SolutionGuid = {989D6431-8EFA-4337-B94F-A41A732CA8BE}
	EndGlobalSection
EndGlobal
